{
  "name": "qlurkin.github.io",
  "version": "1.0.0",
  "lockfileVersion": 3,
  "requires": true,
  "packages": {
    "": {
      "name": "qlurkin.github.io",
      "version": "1.0.0",
      "license": "ISC",
      "dependencies": {
        "@rollup/plugin-commonjs": "^24.0.1",
        "@rollup/plugin-node-resolve": "^15.0.1",
        "build_lib": "file:./build_lib",
        "highlight.js": "^11.8.0",
        "js-yaml": "^4.1.0",
        "marked": "^5.0.5",
        "nunjucks": "^3.2.4",
        "rollup": "^3.20.0",
        "rollup-plugin-sass": "^1.12.19"
      }
    },
    "build_lib": {},
    "node_modules/@jridgewell/sourcemap-codec": {
      "version": "1.4.15",
      "resolved": "https://registry.npmjs.org/@jridgewell/sourcemap-codec/-/sourcemap-codec-1.4.15.tgz",
      "integrity": "sha512-eF2rxCRulEKXHTRiDrDy6erMYWqNw4LPdQ8UQA4huuxaQsVeRPFl2oM8oDGxMFhJUWZf9McpLtJasDDZb/Bpeg=="
    },
    "node_modules/@rollup/plugin-commonjs": {
      "version": "24.1.0",
      "resolved": "https://registry.npmjs.org/@rollup/plugin-commonjs/-/plugin-commonjs-24.1.0.tgz",
      "integrity": "sha512-eSL45hjhCWI0jCCXcNtLVqM5N1JlBGvlFfY0m6oOYnLCJ6N0qEXoZql4sY2MOUArzhH4SA/qBpTxvvZp2Sc+DQ==",
      "dependencies": {
        "@rollup/pluginutils": "^5.0.1",
        "commondir": "^1.0.1",
        "estree-walker": "^2.0.2",
        "glob": "^8.0.3",
        "is-reference": "1.2.1",
        "magic-string": "^0.27.0"
      },
      "engines": {
        "node": ">=14.0.0"
      },
      "peerDependencies": {
        "rollup": "^2.68.0||^3.0.0"
      },
      "peerDependenciesMeta": {
        "rollup": {
          "optional": true
        }
      }
    },
    "node_modules/@rollup/plugin-node-resolve": {
      "version": "15.1.0",
      "resolved": "https://registry.npmjs.org/@rollup/plugin-node-resolve/-/plugin-node-resolve-15.1.0.tgz",
      "integrity": "sha512-xeZHCgsiZ9pzYVgAo9580eCGqwh/XCEUM9q6iQfGNocjgkufHAqC3exA+45URvhiYV8sBF9RlBai650eNs7AsA==",
      "dependencies": {
        "@rollup/pluginutils": "^5.0.1",
        "@types/resolve": "1.20.2",
        "deepmerge": "^4.2.2",
        "is-builtin-module": "^3.2.1",
        "is-module": "^1.0.0",
        "resolve": "^1.22.1"
      },
      "engines": {
        "node": ">=14.0.0"
      },
      "peerDependencies": {
        "rollup": "^2.78.0||^3.0.0"
      },
      "peerDependenciesMeta": {
        "rollup": {
          "optional": true
        }
      }
    },
    "node_modules/@rollup/pluginutils": {
      "version": "5.0.2",
      "resolved": "https://registry.npmjs.org/@rollup/pluginutils/-/pluginutils-5.0.2.tgz",
      "integrity": "sha512-pTd9rIsP92h+B6wWwFbW8RkZv4hiR/xKsqre4SIuAOaOEQRxi0lqLke9k2/7WegC85GgUs9pjmOjCUi3In4vwA==",
      "dependencies": {
        "@types/estree": "^1.0.0",
        "estree-walker": "^2.0.2",
        "picomatch": "^2.3.1"
      },
      "engines": {
        "node": ">=14.0.0"
      },
      "peerDependencies": {
        "rollup": "^1.20.0||^2.0.0||^3.0.0"
      },
      "peerDependenciesMeta": {
        "rollup": {
          "optional": true
        }
      }
    },
    "node_modules/@types/estree": {
      "version": "1.0.1",
      "resolved": "https://registry.npmjs.org/@types/estree/-/estree-1.0.1.tgz",
      "integrity": "sha512-LG4opVs2ANWZ1TJoKc937iMmNstM/d0ae1vNbnBvBhqCSezgVUOzcLCqbI5elV8Vy6WKwKjaqR+zO9VKirBBCA=="
    },
    "node_modules/@types/resolve": {
      "version": "1.20.2",
      "resolved": "https://registry.npmjs.org/@types/resolve/-/resolve-1.20.2.tgz",
      "integrity": "sha512-60BCwRFOZCQhDncwQdxxeOEEkbc5dIMccYLwbxsS4TUNeVECQ/pBJ0j09mrHOl/JJvpRPGwO9SvE4nR2Nb/a4Q=="
    },
    "node_modules/a-sync-waterfall": {
      "version": "1.0.1",
      "resolved": "https://registry.npmjs.org/a-sync-waterfall/-/a-sync-waterfall-1.0.1.tgz",
      "integrity": "sha512-RYTOHHdWipFUliRFMCS4X2Yn2X8M87V/OpSqWzKKOGhzqyUxzyVmhHDH9sAvG+ZuQf/TAOFsLCpMw09I1ufUnA=="
    },
    "node_modules/anymatch": {
      "version": "3.1.3",
      "resolved": "https://registry.npmjs.org/anymatch/-/anymatch-3.1.3.tgz",
      "integrity": "sha512-KMReFUr0B4t+D+OBkjR3KYqvocp2XaSzO55UcB6mgQMd3KbcE+mWTyvVV7D/zsdEbNnV6acZUutkiHQXvTr1Rw==",
      "dependencies": {
        "normalize-path": "^3.0.0",
        "picomatch": "^2.0.4"
      },
      "engines": {
        "node": ">= 8"
      }
    },
    "node_modules/argparse": {
      "version": "2.0.1",
      "resolved": "https://registry.npmjs.org/argparse/-/argparse-2.0.1.tgz",
      "integrity": "sha512-8+9WqebbFzpX9OR+Wa6O29asIogeRMzcGtAINdpMHHyAg10f05aSFVBbcEqGf/PXw1EjAZ+q2/bEBg3DvurK3Q=="
    },
    "node_modules/asap": {
      "version": "2.0.6",
      "resolved": "https://registry.npmjs.org/asap/-/asap-2.0.6.tgz",
      "integrity": "sha512-BSHWgDSAiKs50o2Re8ppvp3seVHXSRM44cdSsT9FfNEUUZLOGWVCsiWaRPWM1Znn+mqZ1OfVZ3z3DWEzSp7hRA=="
    },
    "node_modules/balanced-match": {
      "version": "1.0.2",
      "resolved": "https://registry.npmjs.org/balanced-match/-/balanced-match-1.0.2.tgz",
      "integrity": "sha512-3oSeUO0TMV67hN1AmbXsK4yaqU7tjiHlbxRDZOpH0KW9+CeX4bRAaX0Anxt0tx2MrpRpWwQaPwIlISEJhYU5Pw=="
    },
    "node_modules/binary-extensions": {
      "version": "2.2.0",
      "resolved": "https://registry.npmjs.org/binary-extensions/-/binary-extensions-2.2.0.tgz",
      "integrity": "sha512-jDctJ/IVQbZoJykoeHbhXpOlNBqGNcwXJKJog42E5HDPUwQTSdjCHdihjj0DlnheQ7blbT6dHOafNAiS8ooQKA==",
      "engines": {
        "node": ">=8"
      }
    },
    "node_modules/brace-expansion": {
      "version": "2.0.1",
      "resolved": "https://registry.npmjs.org/brace-expansion/-/brace-expansion-2.0.1.tgz",
      "integrity": "sha512-XnAIvQ8eM+kC6aULx6wuQiwVsnzsi9d3WxzV3FpWTGA19F621kwdbsAcFKXgKUHZWsy+mY6iL1sHTxWEFCytDA==",
      "dependencies": {
        "balanced-match": "^1.0.0"
      }
    },
    "node_modules/braces": {
      "version": "3.0.2",
      "resolved": "https://registry.npmjs.org/braces/-/braces-3.0.2.tgz",
      "integrity": "sha512-b8um+L1RzM3WDSzvhm6gIz1yfTbBt6YTlcEKAvsmqCZZFw46z626lVj9j1yEPW33H5H+lBQpZMP1k8l+78Ha0A==",
      "dependencies": {
        "fill-range": "^7.0.1"
      },
      "engines": {
        "node": ">=8"
      }
    },
    "node_modules/build_lib": {
      "resolved": "build_lib",
      "link": true
    },
    "node_modules/builtin-modules": {
      "version": "3.3.0",
      "resolved": "https://registry.npmjs.org/builtin-modules/-/builtin-modules-3.3.0.tgz",
      "integrity": "sha512-zhaCDicdLuWN5UbN5IMnFqNMhNfo919sH85y2/ea+5Yg9TsTkeZxpL+JLbp6cgYFS4sRLp3YV4S6yDuqVWHYOw==",
      "engines": {
        "node": ">=6"
      },
      "funding": {
        "url": "https://github.com/sponsors/sindresorhus"
      }
    },
    "node_modules/chokidar": {
      "version": "3.5.3",
      "resolved": "https://registry.npmjs.org/chokidar/-/chokidar-3.5.3.tgz",
      "integrity": "sha512-Dr3sfKRP6oTcjf2JmUmFJfeVMvXBdegxB0iVQ5eb2V10uFJUCAS8OByZdVAyVb8xXNz3GjjTgj9kLWsZTqE6kw==",
      "funding": [
        {
          "type": "individual",
          "url": "https://paulmillr.com/funding/"
        }
      ],
      "dependencies": {
        "anymatch": "~3.1.2",
        "braces": "~3.0.2",
        "glob-parent": "~5.1.2",
        "is-binary-path": "~2.1.0",
        "is-glob": "~4.0.1",
        "normalize-path": "~3.0.0",
        "readdirp": "~3.6.0"
      },
      "engines": {
        "node": ">= 8.10.0"
      },
      "optionalDependencies": {
        "fsevents": "~2.3.2"
      }
    },
    "node_modules/commander": {
      "version": "5.1.0",
      "resolved": "https://registry.npmjs.org/commander/-/commander-5.1.0.tgz",
      "integrity": "sha512-P0CysNDQ7rtVw4QIQtm+MRxV66vKFSvlsQvGYXZWR3qFU0jlMKHZZZgw8e+8DSah4UDKMqnknRDQz+xuQXQ/Zg==",
      "engines": {
        "node": ">= 6"
      }
    },
    "node_modules/commondir": {
      "version": "1.0.1",
      "resolved": "https://registry.npmjs.org/commondir/-/commondir-1.0.1.tgz",
      "integrity": "sha512-W9pAhw0ja1Edb5GVdIF1mjZw/ASI0AlShXM83UUGe2DVr5TdAPEA1OA8m/g8zWp9x6On7gqufY+FatDbC3MDQg=="
    },
    "node_modules/deepmerge": {
      "version": "4.3.1",
      "resolved": "https://registry.npmjs.org/deepmerge/-/deepmerge-4.3.1.tgz",
      "integrity": "sha512-3sUqbMEc77XqpdNO7FRyRog+eW3ph+GYCbj+rK+uYyRMuwsVy0rMiVtPn+QJlKFvWP/1PYpapqYn0Me2knFn+A==",
      "engines": {
        "node": ">=0.10.0"
      }
    },
    "node_modules/estree-walker": {
      "version": "2.0.2",
      "resolved": "https://registry.npmjs.org/estree-walker/-/estree-walker-2.0.2.tgz",
      "integrity": "sha512-Rfkk/Mp/DL7JVje3u18FxFujQlTNR2q6QfMSMB7AvCBx91NGj/ba3kCfza0f6dVDbw7YlRf/nDrn7pQrCCyQ/w=="
    },
    "node_modules/fill-range": {
      "version": "7.0.1",
      "resolved": "https://registry.npmjs.org/fill-range/-/fill-range-7.0.1.tgz",
      "integrity": "sha512-qOo9F+dMUmC2Lcb4BbVvnKJxTPjCm+RRpe4gDuGrzkL7mEVl/djYSu2OdQ2Pa302N4oqkSg9ir6jaLWJ2USVpQ==",
      "dependencies": {
        "to-regex-range": "^5.0.1"
      },
      "engines": {
        "node": ">=8"
      }
    },
    "node_modules/fs.realpath": {
      "version": "1.0.0",
      "resolved": "https://registry.npmjs.org/fs.realpath/-/fs.realpath-1.0.0.tgz",
      "integrity": "sha512-OO0pH2lK6a0hZnAdau5ItzHPI6pUlvI7jMVnxUQRtw4owF2wk8lOSabtGDCTP4Ggrg2MbGnWO9X8K1t4+fGMDw=="
    },
    "node_modules/fsevents": {
      "version": "2.3.2",
      "resolved": "https://registry.npmjs.org/fsevents/-/fsevents-2.3.2.tgz",
      "integrity": "sha512-xiqMQR4xAeHTuB9uWm+fFRcIOgKBMiOBP+eXiyT7jsgVCq1bkVygt00oASowB7EdtpOHaaPgKt812P9ab+DDKA==",
      "hasInstallScript": true,
      "optional": true,
      "os": [
        "darwin"
      ],
      "engines": {
        "node": "^8.16.0 || ^10.6.0 || >=11.0.0"
      }
    },
    "node_modules/function-bind": {
      "version": "1.1.1",
      "resolved": "https://registry.npmjs.org/function-bind/-/function-bind-1.1.1.tgz",
      "integrity": "sha512-yIovAzMX49sF8Yl58fSCWJ5svSLuaibPxXQJFLmBObTuCr0Mf1KiPopGM9NiFjiYBCbfaa2Fh6breQ6ANVTI0A=="
    },
    "node_modules/glob": {
      "version": "8.1.0",
      "resolved": "https://registry.npmjs.org/glob/-/glob-8.1.0.tgz",
      "integrity": "sha512-r8hpEjiQEYlF2QU0df3dS+nxxSIreXQS1qRhMJM0Q5NDdR386C7jb7Hwwod8Fgiuex+k0GFjgft18yvxm5XoCQ==",
      "dependencies": {
        "fs.realpath": "^1.0.0",
        "inflight": "^1.0.4",
        "inherits": "2",
        "minimatch": "^5.0.1",
        "once": "^1.3.0"
      },
      "engines": {
        "node": ">=12"
      },
      "funding": {
        "url": "https://github.com/sponsors/isaacs"
      }
    },
    "node_modules/glob-parent": {
      "version": "5.1.2",
      "resolved": "https://registry.npmjs.org/glob-parent/-/glob-parent-5.1.2.tgz",
      "integrity": "sha512-AOIgSQCepiJYwP3ARnGx+5VnTu2HBYdzbGP45eLw1vr3zB3vZLeyed1sC9hnbcOc9/SrMyM5RPQrkGz4aS9Zow==",
      "dependencies": {
        "is-glob": "^4.0.1"
      },
      "engines": {
        "node": ">= 6"
      }
    },
    "node_modules/has": {
      "version": "1.0.3",
      "resolved": "https://registry.npmjs.org/has/-/has-1.0.3.tgz",
      "integrity": "sha512-f2dvO0VU6Oej7RkWJGrehjbzMAjFp5/VKPp5tTpWIV4JHHZK1/BxbFRtf/siA2SWTe09caDmVtYYzWEIbBS4zw==",
      "dependencies": {
        "function-bind": "^1.1.1"
      },
      "engines": {
        "node": ">= 0.4.0"
      }
    },
    "node_modules/highlight.js": {
      "version": "11.8.0",
      "resolved": "https://registry.npmjs.org/highlight.js/-/highlight.js-11.8.0.tgz",
      "integrity": "sha512-MedQhoqVdr0U6SSnWPzfiadUcDHfN/Wzq25AkXiQv9oiOO/sG0S7XkvpFIqWBl9Yq1UYyYOOVORs5UW2XlPyzg==",
      "engines": {
        "node": ">=12.0.0"
      }
    },
    "node_modules/immutable": {
      "version": "4.3.0",
      "resolved": "https://registry.npmjs.org/immutable/-/immutable-4.3.0.tgz",
      "integrity": "sha512-0AOCmOip+xgJwEVTQj1EfiDDOkPmuyllDuTuEX+DDXUgapLAsBIfkg3sxCYyCEA8mQqZrrxPUGjcOQ2JS3WLkg=="
    },
    "node_modules/inflight": {
      "version": "1.0.6",
      "resolved": "https://registry.npmjs.org/inflight/-/inflight-1.0.6.tgz",
      "integrity": "sha512-k92I/b08q4wvFscXCLvqfsHCrjrF7yiXsQuIVvVE7N82W3+aqpzuUdBbfhWcy/FZR3/4IgflMgKLOsvPDrGCJA==",
      "dependencies": {
        "once": "^1.3.0",
        "wrappy": "1"
      }
    },
    "node_modules/inherits": {
      "version": "2.0.4",
      "resolved": "https://registry.npmjs.org/inherits/-/inherits-2.0.4.tgz",
      "integrity": "sha512-k/vGaX4/Yla3WzyMCvTQOXYeIHvqOKtnqBduzTHpzpQZzAskKMhZ2K+EnBiSM9zGSoIFeMpXKxa4dYeZIQqewQ=="
    },
    "node_modules/is-binary-path": {
      "version": "2.1.0",
      "resolved": "https://registry.npmjs.org/is-binary-path/-/is-binary-path-2.1.0.tgz",
      "integrity": "sha512-ZMERYes6pDydyuGidse7OsHxtbI7WVeUEozgR/g7rd0xUimYNlvZRE/K2MgZTjWy725IfelLeVcEM97mmtRGXw==",
      "dependencies": {
        "binary-extensions": "^2.0.0"
      },
      "engines": {
        "node": ">=8"
      }
    },
    "node_modules/is-builtin-module": {
      "version": "3.2.1",
      "resolved": "https://registry.npmjs.org/is-builtin-module/-/is-builtin-module-3.2.1.tgz",
      "integrity": "sha512-BSLE3HnV2syZ0FK0iMA/yUGplUeMmNz4AW5fnTunbCIqZi4vG3WjJT9FHMy5D69xmAYBHXQhJdALdpwVxV501A==",
      "dependencies": {
        "builtin-modules": "^3.3.0"
      },
      "engines": {
        "node": ">=6"
      },
      "funding": {
        "url": "https://github.com/sponsors/sindresorhus"
      }
    },
    "node_modules/is-core-module": {
      "version": "2.12.1",
      "resolved": "https://registry.npmjs.org/is-core-module/-/is-core-module-2.12.1.tgz",
      "integrity": "sha512-Q4ZuBAe2FUsKtyQJoQHlvP8OvBERxO3jEmy1I7hcRXcJBGGHFh/aJBswbXuS9sgrDH2QUO8ilkwNPHvHMd8clg==",
      "dependencies": {
        "has": "^1.0.3"
      },
      "funding": {
        "url": "https://github.com/sponsors/ljharb"
      }
    },
    "node_modules/is-extglob": {
      "version": "2.1.1",
      "resolved": "https://registry.npmjs.org/is-extglob/-/is-extglob-2.1.1.tgz",
      "integrity": "sha512-SbKbANkN603Vi4jEZv49LeVJMn4yGwsbzZworEoyEiutsN3nJYdbO36zfhGJ6QEDpOZIFkDtnq5JRxmvl3jsoQ==",
      "engines": {
        "node": ">=0.10.0"
      }
    },
    "node_modules/is-glob": {
      "version": "4.0.3",
      "resolved": "https://registry.npmjs.org/is-glob/-/is-glob-4.0.3.tgz",
      "integrity": "sha512-xelSayHH36ZgE7ZWhli7pW34hNbNl8Ojv5KVmkJD4hBdD3th8Tfk9vYasLM+mXWOZhFkgZfxhLSnrwRr4elSSg==",
      "dependencies": {
        "is-extglob": "^2.1.1"
      },
      "engines": {
        "node": ">=0.10.0"
      }
    },
    "node_modules/is-module": {
      "version": "1.0.0",
      "resolved": "https://registry.npmjs.org/is-module/-/is-module-1.0.0.tgz",
      "integrity": "sha512-51ypPSPCoTEIN9dy5Oy+h4pShgJmPCygKfyRCISBI+JoWT/2oJvK8QPxmwv7b/p239jXrm9M1mlQbyKJ5A152g=="
    },
    "node_modules/is-number": {
      "version": "7.0.0",
      "resolved": "https://registry.npmjs.org/is-number/-/is-number-7.0.0.tgz",
      "integrity": "sha512-41Cifkg6e8TylSpdtTpeLVMqvSBEVzTttHvERD741+pnZ8ANv0004MRL43QKPDlK9cGvNp6NZWZUBlbGXYxxng==",
      "engines": {
        "node": ">=0.12.0"
      }
    },
    "node_modules/is-reference": {
      "version": "1.2.1",
      "resolved": "https://registry.npmjs.org/is-reference/-/is-reference-1.2.1.tgz",
      "integrity": "sha512-U82MsXXiFIrjCK4otLT+o2NA2Cd2g5MLoOVXUZjIOhLurrRxpEXzI8O0KZHr3IjLvlAH1kTPYSuqer5T9ZVBKQ==",
      "dependencies": {
        "@types/estree": "*"
      }
    },
    "node_modules/js-yaml": {
      "version": "4.1.0",
      "resolved": "https://registry.npmjs.org/js-yaml/-/js-yaml-4.1.0.tgz",
      "integrity": "sha512-wpxZs9NoxZaJESJGIZTyDEaYpl0FKSA+FB9aJiyemKhMwkxQg63h4T1KJgUGHpTqPDNRcmmYLugrRjJlBtWvRA==",
      "dependencies": {
        "argparse": "^2.0.1"
      },
      "bin": {
        "js-yaml": "bin/js-yaml.js"
      }
    },
    "node_modules/magic-string": {
      "version": "0.27.0",
      "resolved": "https://registry.npmjs.org/magic-string/-/magic-string-0.27.0.tgz",
      "integrity": "sha512-8UnnX2PeRAPZuN12svgR9j7M1uWMovg/CEnIwIG0LFkXSJJe4PdfUGiTGl8V9bsBHFUtfVINcSyYxd7q+kx9fA==",
      "dependencies": {
        "@jridgewell/sourcemap-codec": "^1.4.13"
      },
      "engines": {
        "node": ">=12"
      }
    },
    "node_modules/marked": {
      "version": "5.0.5",
      "resolved": "https://registry.npmjs.org/marked/-/marked-5.0.5.tgz",
      "integrity": "sha512-auTmKJTBwZM/GLVFOhmkY7pL8v/0DxiDaXRC2kEyajcNJ0XXn9NphLD0106dbWrbPwcyD4Y0Dus16OkCzUMkfg==",
      "bin": {
        "marked": "bin/marked.js"
      },
      "engines": {
        "node": ">= 18"
      }
    },
    "node_modules/minimatch": {
      "version": "5.1.6",
      "resolved": "https://registry.npmjs.org/minimatch/-/minimatch-5.1.6.tgz",
      "integrity": "sha512-lKwV/1brpG6mBUFHtb7NUmtABCb2WZZmm2wNiOA5hAb8VdCS4B3dtMWyvcoViccwAW/COERjXLt0zP1zXUN26g==",
      "dependencies": {
        "brace-expansion": "^2.0.1"
      },
      "engines": {
        "node": ">=10"
      }
    },
    "node_modules/normalize-path": {
      "version": "3.0.0",
      "resolved": "https://registry.npmjs.org/normalize-path/-/normalize-path-3.0.0.tgz",
      "integrity": "sha512-6eZs5Ls3WtCisHWp9S2GUy8dqkpGi4BVSz3GaqiE6ezub0512ESztXUwUB6C6IKbQkY2Pnb/mD4WYojCRwcwLA==",
      "engines": {
        "node": ">=0.10.0"
      }
    },
    "node_modules/nunjucks": {
      "version": "3.2.4",
      "resolved": "https://registry.npmjs.org/nunjucks/-/nunjucks-3.2.4.tgz",
      "integrity": "sha512-26XRV6BhkgK0VOxfbU5cQI+ICFUtMLixv1noZn1tGU38kQH5A5nmmbk/O45xdyBhD1esk47nKrY0mvQpZIhRjQ==",
      "dependencies": {
        "a-sync-waterfall": "^1.0.0",
        "asap": "^2.0.3",
        "commander": "^5.1.0"
      },
      "bin": {
        "nunjucks-precompile": "bin/precompile"
      },
      "engines": {
        "node": ">= 6.9.0"
      },
      "peerDependencies": {
        "chokidar": "^3.3.0"
      },
      "peerDependenciesMeta": {
        "chokidar": {
          "optional": true
        }
      }
    },
    "node_modules/once": {
      "version": "1.4.0",
      "resolved": "https://registry.npmjs.org/once/-/once-1.4.0.tgz",
      "integrity": "sha512-lNaJgI+2Q5URQBkccEKHTQOPaXdUxnZZElQTZY0MFUAuaEqe1E+Nyvgdz/aIyNi6Z9MzO5dv1H8n58/GELp3+w==",
      "dependencies": {
        "wrappy": "1"
      }
    },
    "node_modules/path-parse": {
      "version": "1.0.7",
      "resolved": "https://registry.npmjs.org/path-parse/-/path-parse-1.0.7.tgz",
      "integrity": "sha512-LDJzPVEEEPR+y48z93A0Ed0yXb8pAByGWo/k5YYdYgpY2/2EsOsksJrq7lOHxryrVOn1ejG6oAp8ahvOIQD8sw=="
    },
    "node_modules/picomatch": {
      "version": "2.3.1",
      "resolved": "https://registry.npmjs.org/picomatch/-/picomatch-2.3.1.tgz",
      "integrity": "sha512-JU3teHTNjmE2VCGFzuY8EXzCDVwEqB2a8fsIvwaStHhAWJEeVd1o1QD80CU6+ZdEXXSLbSsuLwJjkCBWqRQUVA==",
      "engines": {
        "node": ">=8.6"
      },
      "funding": {
        "url": "https://github.com/sponsors/jonschlinkert"
      }
    },
    "node_modules/readdirp": {
      "version": "3.6.0",
      "resolved": "https://registry.npmjs.org/readdirp/-/readdirp-3.6.0.tgz",
      "integrity": "sha512-hOS089on8RduqdbhvQ5Z37A0ESjsqz6qnRcffsMU3495FuTdqSm+7bhJ29JvIOsBDEEnan5DPu9t3To9VRlMzA==",
      "dependencies": {
        "picomatch": "^2.2.1"
      },
      "engines": {
        "node": ">=8.10.0"
      }
    },
    "node_modules/resolve": {
      "version": "1.22.2",
      "resolved": "https://registry.npmjs.org/resolve/-/resolve-1.22.2.tgz",
      "integrity": "sha512-Sb+mjNHOULsBv818T40qSPeRiuWLyaGMa5ewydRLFimneixmVy2zdivRl+AF6jaYPC8ERxGDmFSiqui6SfPd+g==",
      "dependencies": {
        "is-core-module": "^2.11.0",
        "path-parse": "^1.0.7",
        "supports-preserve-symlinks-flag": "^1.0.0"
      },
      "bin": {
        "resolve": "bin/resolve"
      },
      "funding": {
        "url": "https://github.com/sponsors/ljharb"
      }
    },
    "node_modules/rollup": {
      "version": "3.24.0",
      "resolved": "https://registry.npmjs.org/rollup/-/rollup-3.24.0.tgz",
      "integrity": "sha512-OgraHOIg2YpHQTjl0/ymWfFNBEyPucB7lmhXrQUh38qNOegxLapSPFs9sNr0qKR75awW41D93XafoR2QfhBdUQ==",
      "bin": {
        "rollup": "dist/bin/rollup"
      },
      "engines": {
        "node": ">=14.18.0",
        "npm": ">=8.0.0"
      },
      "optionalDependencies": {
        "fsevents": "~2.3.2"
      }
    },
    "node_modules/rollup-plugin-sass": {
      "version": "1.12.19",
      "resolved": "https://registry.npmjs.org/rollup-plugin-sass/-/rollup-plugin-sass-1.12.19.tgz",
      "integrity": "sha512-gVYQ+fKpwbIeC3tFWbtSw0kVHbDd6bpPHJ+YHpY28YRY1aS8LCrogJZmyb23fDcBn6r8eWzuC1N3jfQbCY3gMQ==",
      "dependencies": {
        "@rollup/pluginutils": "^3 || ^4 || ^5",
        "resolve": "^1.5.0",
        "sass": "^1.7.2"
      },
      "engines": {
        "node": ">=10"
      }
    },
    "node_modules/sass": {
      "version": "1.63.2",
      "resolved": "https://registry.npmjs.org/sass/-/sass-1.63.2.tgz",
      "integrity": "sha512-u56TU0AIFqMtauKl/OJ1AeFsXqRHkgO7nCWmHaDwfxDo9GUMSqBA4NEh6GMuh1CYVM7zuROYtZrHzPc2ixK+ww==",
      "dependencies": {
        "chokidar": ">=3.0.0 <4.0.0",
        "immutable": "^4.0.0",
        "source-map-js": ">=0.6.2 <2.0.0"
      },
      "bin": {
        "sass": "sass.js"
      },
      "engines": {
        "node": ">=14.0.0"
      }
    },
    "node_modules/source-map-js": {
      "version": "1.0.2",
      "resolved": "https://registry.npmjs.org/source-map-js/-/source-map-js-1.0.2.tgz",
      "integrity": "sha512-R0XvVJ9WusLiqTCEiGCmICCMplcCkIwwR11mOSD9CR5u+IXYdiseeEuXCVAjS54zqwkLcPNnmU4OeJ6tUrWhDw==",
      "engines": {
        "node": ">=0.10.0"
      }
    },
    "node_modules/supports-preserve-symlinks-flag": {
      "version": "1.0.0",
      "resolved": "https://registry.npmjs.org/supports-preserve-symlinks-flag/-/supports-preserve-symlinks-flag-1.0.0.tgz",
      "integrity": "sha512-ot0WnXS9fgdkgIcePe6RHNk1WA8+muPa6cSjeR3V8K27q9BB1rTE3R1p7Hv0z1ZyAc8s6Vvv8DIyWf681MAt0w==",
      "engines": {
        "node": ">= 0.4"
      },
      "funding": {
        "url": "https://github.com/sponsors/ljharb"
      }
    },
    "node_modules/to-regex-range": {
      "version": "5.0.1",
      "resolved": "https://registry.npmjs.org/to-regex-range/-/to-regex-range-5.0.1.tgz",
      "integrity": "sha512-65P7iz6X5yEr1cwcgvQxbbIw7Uk3gOy5dIdtZ4rDveLqhrdJP+Li/Hx6tyK0NEb+2GCyneCMJiGqrADCSNk8sQ==",
      "dependencies": {
        "is-number": "^7.0.0"
      },
      "engines": {
        "node": ">=8.0"
      }
    },
    "node_modules/wrappy": {
      "version": "1.0.2",
      "resolved": "https://registry.npmjs.org/wrappy/-/wrappy-1.0.2.tgz",
      "integrity": "sha512-l4Sp/DRseor9wL6EvV2+TuQn63dMkPjZ/sp9XkghTEbV9KlPS1xUsZ3u7/IQO4wxtcFB4bgpQPRcR3QCvezPcQ=="
    }
  }
}
