
Microsoft Visual Studio Solution File, Format Version 12.00
# Visual Studio Version 17
VisualStudioVersion = 17.5.002.0
MinimumVisualStudioVersion = 10.0.40219.1
Project("{2150E333-8FDC-42A3-9474-1A3956D46DE8}") = "docs", "docs", "{BF4136BC-068C-4870-A990-B5A7C843D816}"
EndProject
Project("{2150E333-8FDC-42A3-9474-1A3956D46DE8}") = "courses", "courses", "{99704391-49F1-429F-8CE7-64374CADE625}"
EndProject
Project("{2150E333-8FDC-42A3-9474-1A3956D46DE8}") = "poo", "poo", "{AD333C44-9232-4687-921A-5721EBAC3276}"
EndProject
Project("{2150E333-8FDC-42A3-9474-1A3956D46DE8}") = "slides", "slides", "{AB7B5633-A370-4606-B203-E43D4C9A73F3}"
EndProject
Project("{2150E333-8FDC-42A3-9474-1A3956D46DE8}") = "slides7", "slides7", "{57487D29-90C6-4416-8687-0061CBE14886}"
EndProject
Project("{9A19103F-16F7-4668-BE54-9A1E7A4F7556}") = "solid", "docs\courses\poo\slides\slides7\solid_6\solid.csproj", "{F89D4E6D-52A1-48FC-9CD9-DB2ADBB7D326}"
EndProject
Project("{9A19103F-16F7-4668-BE54-9A1E7A4F7556}") = "solid (1)", "docs\courses\poo\slides\slides7\solid_5\solid.csproj", "{9B3E0C9D-4EAE-4340-8659-9D4EC0E3E79F}"
EndProject
Project("{2150E333-8FDC-42A3-9474-1A3956D46DE8}") = "slides6", "slides6", "{17EFEC96-2578-4642-919E-EE2DB683C303}"
EndProject
Project("{9A19103F-16F7-4668-BE54-9A1E7A4F7556}") = "solid", "docs\courses\poo\slides\slides6\solid_1\solid.csproj", "{AAEA621E-2911-49BE-949E-8F19D21D86E9}"
EndProject
Project("{9A19103F-16F7-4668-BE54-9A1E7A4F7556}") = "solid (1)", "docs\courses\poo\slides\slides6\solid_6\solid.csproj", "{7E7D4468-54D1-4EF4-ABB7-4CDADCFE17A2}"
EndProject
Project("{9A19103F-16F7-4668-BE54-9A1E7A4F7556}") = "solid (2)", "docs\courses\poo\slides\slides6\solid_3\solid.csproj", "{5B450D1B-DC6F-4BF9-8F82-0CD6022766D5}"
EndProject
Project("{9A19103F-16F7-4668-BE54-9A1E7A4F7556}") = "solid (3)", "docs\courses\poo\slides\slides6\solid_4\solid.csproj", "{96510FBD-7BEA-4F59-808D-67A0EC97C951}"
EndProject
Project("{9A19103F-16F7-4668-BE54-9A1E7A4F7556}") = "solid (4)", "docs\courses\poo\slides\slides6\solid_5\solid.csproj", "{D79ED1B6-E557-4F89-85F5-B6C52F7A0644}"
EndProject
Project("{9A19103F-16F7-4668-BE54-9A1E7A4F7556}") = "solid (5)", "docs\courses\poo\slides\slides6\solid_2\solid.csproj", "{D2AE4B5C-0DDA-4A56-B008-F3ED326A3152}"
EndProject
Global
	GlobalSection(SolutionConfigurationPlatforms) = preSolution
		Debug|Any CPU = Debug|Any CPU
		Release|Any CPU = Release|Any CPU
	EndGlobalSection
	GlobalSection(ProjectConfigurationPlatforms) = postSolution
		{F89D4E6D-52A1-48FC-9CD9-DB2ADBB7D326}.Debug|Any CPU.ActiveCfg = Debug|Any CPU
		{F89D4E6D-52A1-48FC-9CD9-DB2ADBB7D326}.Debug|Any CPU.Build.0 = Debug|Any CPU
		{F89D4E6D-52A1-48FC-9CD9-DB2ADBB7D326}.Release|Any CPU.ActiveCfg = Release|Any CPU
		{F89D4E6D-52A1-48FC-9CD9-DB2ADBB7D326}.Release|Any CPU.Build.0 = Release|Any CPU
		{9B3E0C9D-4EAE-4340-8659-9D4EC0E3E79F}.Debug|Any CPU.ActiveCfg = Debug|Any CPU
		{9B3E0C9D-4EAE-4340-8659-9D4EC0E3E79F}.Debug|Any CPU.Build.0 = Debug|Any CPU
		{9B3E0C9D-4EAE-4340-8659-9D4EC0E3E79F}.Release|Any CPU.ActiveCfg = Release|Any CPU
		{9B3E0C9D-4EAE-4340-8659-9D4EC0E3E79F}.Release|Any CPU.Build.0 = Release|Any CPU
		{AAEA621E-2911-49BE-949E-8F19D21D86E9}.Debug|Any CPU.ActiveCfg = Debug|Any CPU
		{AAEA621E-2911-49BE-949E-8F19D21D86E9}.Debug|Any CPU.Build.0 = Debug|Any CPU
		{AAEA621E-2911-49BE-949E-8F19D21D86E9}.Release|Any CPU.ActiveCfg = Release|Any CPU
		{AAEA621E-2911-49BE-949E-8F19D21D86E9}.Release|Any CPU.Build.0 = Release|Any CPU
		{7E7D4468-54D1-4EF4-ABB7-4CDADCFE17A2}.Debug|Any CPU.ActiveCfg = Debug|Any CPU
		{7E7D4468-54D1-4EF4-ABB7-4CDADCFE17A2}.Debug|Any CPU.Build.0 = Debug|Any CPU
		{7E7D4468-54D1-4EF4-ABB7-4CDADCFE17A2}.Release|Any CPU.ActiveCfg = Release|Any CPU
		{7E7D4468-54D1-4EF4-ABB7-4CDADCFE17A2}.Release|Any CPU.Build.0 = Release|Any CPU
		{5B450D1B-DC6F-4BF9-8F82-0CD6022766D5}.Debug|Any CPU.ActiveCfg = Debug|Any CPU
		{5B450D1B-DC6F-4BF9-8F82-0CD6022766D5}.Debug|Any CPU.Build.0 = Debug|Any CPU
		{5B450D1B-DC6F-4BF9-8F82-0CD6022766D5}.Release|Any CPU.ActiveCfg = Release|Any CPU
		{5B450D1B-DC6F-4BF9-8F82-0CD6022766D5}.Release|Any CPU.Build.0 = Release|Any CPU
		{96510FBD-7BEA-4F59-808D-67A0EC97C951}.Debug|Any CPU.ActiveCfg = Debug|Any CPU
		{96510FBD-7BEA-4F59-808D-67A0EC97C951}.Debug|Any CPU.Build.0 = Debug|Any CPU
		{96510FBD-7BEA-4F59-808D-67A0EC97C951}.Release|Any CPU.ActiveCfg = Release|Any CPU
		{96510FBD-7BEA-4F59-808D-67A0EC97C951}.Release|Any CPU.Build.0 = Release|Any CPU
		{D79ED1B6-E557-4F89-85F5-B6C52F7A0644}.Debug|Any CPU.ActiveCfg = Debug|Any CPU
		{D79ED1B6-E557-4F89-85F5-B6C52F7A0644}.Debug|Any CPU.Build.0 = Debug|Any CPU
		{D79ED1B6-E557-4F89-85F5-B6C52F7A0644}.Release|Any CPU.ActiveCfg = Release|Any CPU
		{D79ED1B6-E557-4F89-85F5-B6C52F7A0644}.Release|Any CPU.Build.0 = Release|Any CPU
		{D2AE4B5C-0DDA-4A56-B008-F3ED326A3152}.Debug|Any CPU.ActiveCfg = Debug|Any CPU
		{D2AE4B5C-0DDA-4A56-B008-F3ED326A3152}.Debug|Any CPU.Build.0 = Debug|Any CPU
		{D2AE4B5C-0DDA-4A56-B008-F3ED326A3152}.Release|Any CPU.ActiveCfg = Release|Any CPU
		{D2AE4B5C-0DDA-4A56-B008-F3ED326A3152}.Release|Any CPU.Build.0 = Release|Any CPU
	EndGlobalSection
	GlobalSection(SolutionProperties) = preSolution
		HideSolutionNode = FALSE
	EndGlobalSection
	GlobalSection(NestedProjects) = preSolution
		{99704391-49F1-429F-8CE7-64374CADE625} = {BF4136BC-068C-4870-A990-B5A7C843D816}
		{AD333C44-9232-4687-921A-5721EBAC3276} = {99704391-49F1-429F-8CE7-64374CADE625}
		{AB7B5633-A370-4606-B203-E43D4C9A73F3} = {AD333C44-9232-4687-921A-5721EBAC3276}
		{57487D29-90C6-4416-8687-0061CBE14886} = {AB7B5633-A370-4606-B203-E43D4C9A73F3}
		{F89D4E6D-52A1-48FC-9CD9-DB2ADBB7D326} = {57487D29-90C6-4416-8687-0061CBE14886}
		{9B3E0C9D-4EAE-4340-8659-9D4EC0E3E79F} = {57487D29-90C6-4416-8687-0061CBE14886}
		{17EFEC96-2578-4642-919E-EE2DB683C303} = {AB7B5633-A370-4606-B203-E43D4C9A73F3}
		{AAEA621E-2911-49BE-949E-8F19D21D86E9} = {17EFEC96-2578-4642-919E-EE2DB683C303}
		{7E7D4468-54D1-4EF4-ABB7-4CDADCFE17A2} = {17EFEC96-2578-4642-919E-EE2DB683C303}
		{5B450D1B-DC6F-4BF9-8F82-0CD6022766D5} = {17EFEC96-2578-4642-919E-EE2DB683C303}
		{96510FBD-7BEA-4F59-808D-67A0EC97C951} = {17EFEC96-2578-4642-919E-EE2DB683C303}
		{D79ED1B6-E557-4F89-85F5-B6C52F7A0644} = {17EFEC96-2578-4642-919E-EE2DB683C303}
		{D2AE4B5C-0DDA-4A56-B008-F3ED326A3152} = {17EFEC96-2578-4642-919E-EE2DB683C303}
	EndGlobalSection
	GlobalSection(ExtensibilityGlobals) = postSolution
		SolutionGuid = {17F8991D-5D7E-4BAD-A66C-AA8661853EC3}
	EndGlobalSection
EndGlobal
