{
  "name": "qlurkin.github.io",
  "version": "1.0.0",
  "lockfileVersion": 2,
  "requires": true,
  "packages": {
    "": {
      "name": "qlurkin.github.io",
      "version": "1.0.0",
      "license": "ISC",
      "dependencies": {
        "katex": "^0.15.1"
      }
    },
    "node_modules/commander": {
      "version": "8.3.0",
      "resolved": "https://registry.npmjs.org/commander/-/commander-8.3.0.tgz",
      "integrity": "sha512-OkTL9umf+He2DZkUq8f8J9of7yL6RJKI24dVITBmNfZBmri9zYZQrKkuXiKhyfPSu8tUhnVBB1iKXevvnlR4Ww==",
      "engines": {
        "node": ">= 12"
      }
    },
    "node_modules/katex": {
      "version": "0.15.1",
      "resolved": "https://registry.npmjs.org/katex/-/katex-0.15.1.tgz",
      "integrity": "sha512-KIk+gizli0gl1XaJlCYS8/donGMbzXYTka6BbH3AgvDJTOwyDY4hJ+YmzJ1F0y/3XzX5B9ED8AqB2Hmn2AZ0uA==",
      "funding": [
        "https://opencollective.com/katex",
        "https://github.com/sponsors/katex"
      ],
      "dependencies": {
        "commander": "^8.0.0"
      },
      "bin": {
        "katex": "cli.js"
      }
    }
  },
  "dependencies": {
    "commander": {
      "version": "8.3.0",
      "resolved": "https://registry.npmjs.org/commander/-/commander-8.3.0.tgz",
      "integrity": "sha512-OkTL9umf+He2DZkUq8f8J9of7yL6RJKI24dVITBmNfZBmri9zYZQrKkuXiKhyfPSu8tUhnVBB1iKXevvnlR4Ww=="
    },
    "katex": {
      "version": "0.15.1",
      "resolved": "https://registry.npmjs.org/katex/-/katex-0.15.1.tgz",
      "integrity": "sha512-KIk+gizli0gl1XaJlCYS8/donGMbzXYTka6BbH3AgvDJTOwyDY4hJ+YmzJ1F0y/3XzX5B9ED8AqB2Hmn2AZ0uA==",
      "requires": {
        "commander": "^8.0.0"
      }
    }
  }
}
